{
  "nodes": {
    "nixpkgs": {
      "locked": {
        "lastModified": 1790339271,
        "narHash": "sha256-sUlrZs7ek4vAPcBj/A+wPX7IME+2QNrs14nbGiAEkJk=",
        "owner": "Qumulo",
        "repo": "nixpkgs",
        "rev": "cb8acbd37adcf44e9051761bf3fca8c9092837d9",
        "type": "github"
      },
      "original": {
        "id": "nixpkgs",
        "type": "indirect"
      }
    },
    "root": {
      "inputs": {
        "nixpkgs": "nixpkgs"
      }
    }
  },
  "root": "root",
  "version": 7
}
